// !$*UTF8*$!
{
	archiveVersion = 1;
	classes = {
	};
	objectVersion = 77;
	objects = {

/* Begin PBXBuildFile section */
		81B0B23F2FD5649C0071A615 /* mott_app.icon in Resources */ = {isa = PBXBuildFile; fileRef = 81B0B23E2FD5649C0071A615 /* mott_app.icon */; };
		81B0B2412FD586020071A615 /* CourseLessonPlayerView.swift in Sources */ = {isa = PBXBuildFile; fileRef = 81B0B2402FD586020071A615 /* CourseLessonPlayerView.swift */; };
		81B0B2432FD587FC0071A615 /* AppSettings.swift in Sources */ = {isa = PBXBuildFile; fileRef = 81B0B2422FD587FC0071A615 /* AppSettings.swift */; };
		81B0B2452FD587FD0071A615 /* SettingsView.swift in Sources */ = {isa = PBXBuildFile; fileRef = 81B0B2442FD587FD0071A615 /* SettingsView.swift */; };
		81E333612FD450340054C7E0 /* AudioManager.swift in Sources */ = {isa = PBXBuildFile; fileRef = 81E333602FD450340054C7E0 /* AudioManager.swift */; };
		81E333632FD450520054C7E0 /* LearningModels.swift in Sources */ = {isa = PBXBuildFile; fileRef = 81E333622FD450520054C7E0 /* LearningModels.swift */; };
		81E333652FD450520054C7E0 /* SharedViews.swift in Sources */ = {isa = PBXBuildFile; fileRef = 81E333642FD450520054C7E0 /* SharedViews.swift */; };
		81E333672FD450710054C7E0 /* MockCourseData.swift in Sources */ = {isa = PBXBuildFile; fileRef = 81E333662FD450710054C7E0 /* MockCourseData.swift */; };
		81E333692FD450BF0054C7E0 /* LearnFeature.swift in Sources */ = {isa = PBXBuildFile; fileRef = 81E333682FD450BF0054C7E0 /* LearnFeature.swift */; };
		81E3336B2FD450C00054C7E0 /* PracticeFeature.swift in Sources */ = {isa = PBXBuildFile; fileRef = 81E3336A2FD450C00054C7E0 /* PracticeFeature.swift */; };
		81E3336D2FD450DF0054C7E0 /* DictionaryFeature.swift in Sources */ = {isa = PBXBuildFile; fileRef = 81E3336C2FD450DF0054C7E0 /* DictionaryFeature.swift */; };
		81E3336F2FD450E00054C7E0 /* ProfileFeature.swift in Sources */ = {isa = PBXBuildFile; fileRef = 81E3336E2FD450E00054C7E0 /* ProfileFeature.swift */; };
		81E3337F2FD4C2F60054C7E0 /* CourseModels.swift in Sources */ = {isa = PBXBuildFile; fileRef = 81E333712FD4BD650054C7E0 /* CourseModels.swift */; };
		81E333802FD4C2FB0054C7E0 /* CourseLevel.swift in Sources */ = {isa = PBXBuildFile; fileRef = 81E333722FD4BD650054C7E0 /* CourseLevel.swift */; };
		81E333812FD4C3000054C7E0 /* CourseLibrarySeed.swift in Sources */ = {isa = PBXBuildFile; fileRef = 81E333732FD4BDB60054C7E0 /* CourseLibrarySeed.swift */; };
		81E333822FD4C3050054C7E0 /* CourseLibraryRepository.swift in Sources */ = {isa = PBXBuildFile; fileRef = 81E333742FD4BDF20054C7E0 /* CourseLibraryRepository.swift */; };
		81E333832FD4C30B0054C7E0 /* CourseLibraryViewModel.swift in Sources */ = {isa = PBXBuildFile; fileRef = 81E333752FD4BDF20054C7E0 /* CourseLibraryViewModel.swift */; };
		81E333842FD4C3100054C7E0 /* CourseLibraryValidator.swift in Sources */ = {isa = PBXBuildFile; fileRef = 81E333762FD4BDF30054C7E0 /* CourseLibraryValidator.swift */; };
		81E333852FD4C3160054C7E0 /* CourseLibraryView.swift in Sources */ = {isa = PBXBuildFile; fileRef = 81E333772FD4BE0C0054C7E0 /* CourseLibraryView.swift */; };
		81E333862FD4C31C0054C7E0 /* CourseUnitListView.swift in Sources */ = {isa = PBXBuildFile; fileRef = 81E333782FD4BE0C0054C7E0 /* CourseUnitListView.swift */; };
		81E333872FD4C3220054C7E0 /* CourseLessonListView.swift in Sources */ = {isa = PBXBuildFile; fileRef = 81E333792FD4BE2D0054C7E0 /* CourseLessonListView.swift */; };
		81E333882FD4C3270054C7E0 /* CourseLessonDetailView.swift in Sources */ = {isa = PBXBuildFile; fileRef = 81E3337A2FD4BE2E0054C7E0 /* CourseLessonDetailView.swift */; };
/* End PBXBuildFile section */

/* Begin PBXContainerItemProxy section */
		81E3330D2FD44DCC0054C7E0 /* PBXContainerItemProxy */ = {
			isa = PBXContainerItemProxy;
			containerPortal = 81E332F52FD44DCA0054C7E0 /* Project object */;
			proxyType = 1;
			remoteGlobalIDString = 81E332FC2FD44DCA0054C7E0;
			remoteInfo = mott;
		};
		81E333172FD44DCC0054C7E0 /* PBXContainerItemProxy */ = {
			isa = PBXContainerItemProxy;
			containerPortal = 81E332F52FD44DCA0054C7E0 /* Project object */;
			proxyType = 1;
			remoteGlobalIDString = 81E332FC2FD44DCA0054C7E0;
			remoteInfo = mott;
		};
/* End PBXContainerItemProxy section */

/* Begin PBXFileReference section */
		81B0B23E2FD5649C0071A615 /* mott_app.icon */ = {isa = PBXFileReference; lastKnownFileType = folder.iconcomposer.icon; path = mott_app.icon; sourceTree = "<group>"; };
		81B0B2402FD586020071A615 /* CourseLessonPlayerView.swift */ = {isa = PBXFileReference; lastKnownFileType = sourcecode.swift; path = CourseLessonPlayerView.swift; sourceTree = "<group>"; };
		81B0B2422FD587FC0071A615 /* AppSettings.swift */ = {isa = PBXFileReference; lastKnownFileType = sourcecode.swift; path = AppSettings.swift; sourceTree = "<group>"; };
		81B0B2442FD587FD0071A615 /* SettingsView.swift */ = {isa = PBXFileReference; lastKnownFileType = sourcecode.swift; path = SettingsView.swift; sourceTree = "<group>"; };
		81E332FD2FD44DCA0054C7E0 /* mott.app */ = {isa = PBXFileReference; explicitFileType = wrapper.application; includeInIndex = 0; path = mott.app; sourceTree = BUILT_PRODUCTS_DIR; };
		81E3330C2FD44DCC0054C7E0 /* mottTests.xctest */ = {isa = PBXFileReference; explicitFileType = wrapper.cfbundle; includeInIndex = 0; path = mottTests.xctest; sourceTree = BUILT_PRODUCTS_DIR; };
		81E333162FD44DCC0054C7E0 /* mottUITests.xctest */ = {isa = PBXFileReference; explicitFileType = wrapper.cfbundle; includeInIndex = 0; path = mottUITests.xctest; sourceTree = BUILT_PRODUCTS_DIR; };
		81E333602FD450340054C7E0 /* AudioManager.swift */ = {isa = PBXFileReference; lastKnownFileType = sourcecode.swift; path = AudioManager.swift; sourceTree = "<group>"; };
		81E333622FD450520054C7E0 /* LearningModels.swift */ = {isa = PBXFileReference; lastKnownFileType = sourcecode.swift; path = LearningModels.swift; sourceTree = "<group>"; };
		81E333642FD450520054C7E0 /* SharedViews.swift */ = {isa = PBXFileReference; lastKnownFileType = sourcecode.swift; path = SharedViews.swift; sourceTree = "<group>"; };
		81E333662FD450710054C7E0 /* MockCourseData.swift */ = {isa = PBXFileReference; lastKnownFileType = sourcecode.swift; path = MockCourseData.swift; sourceTree = "<group>"; };
		81E333682FD450BF0054C7E0 /* LearnFeature.swift */ = {isa = PBXFileReference; lastKnownFileType = sourcecode.swift; path = LearnFeature.swift; sourceTree = "<group>"; };
		81E3336A2FD450C00054C7E0 /* PracticeFeature.swift */ = {isa = PBXFileReference; lastKnownFileType = sourcecode.swift; path = PracticeFeature.swift; sourceTree = "<group>"; };
		81E3336C2FD450DF0054C7E0 /* DictionaryFeature.swift */ = {isa = PBXFileReference; lastKnownFileType = sourcecode.swift; path = DictionaryFeature.swift; sourceTree = "<group>"; };
		81E3336E2FD450E00054C7E0 /* ProfileFeature.swift */ = {isa = PBXFileReference; lastKnownFileType = sourcecode.swift; path = ProfileFeature.swift; sourceTree = "<group>"; };
		81E333712FD4BD650054C7E0 /* CourseModels.swift */ = {isa = PBXFileReference; lastKnownFileType = sourcecode.swift; path = CourseModels.swift; sourceTree = "<group>"; };
		81E333722FD4BD650054C7E0 /* CourseLevel.swift */ = {isa = PBXFileReference; lastKnownFileType = sourcecode.swift; path = CourseLevel.swift; sourceTree = "<group>"; };
		81E333732FD4BDB60054C7E0 /* CourseLibrarySeed.swift */ = {isa = PBXFileReference; lastKnownFileType = sourcecode.swift; path = CourseLibrarySeed.swift; sourceTree = "<group>"; };
		81E333742FD4BDF20054C7E0 /* CourseLibraryRepository.swift */ = {isa = PBXFileReference; lastKnownFileType = sourcecode.swift; path = CourseLibraryRepository.swift; sourceTree = "<group>"; };
		81E333752FD4BDF20054C7E0 /* CourseLibraryViewModel.swift */ = {isa = PBXFileReference; lastKnownFileType = sourcecode.swift; path = CourseLibraryViewModel.swift; sourceTree = "<group>"; };
		81E333762FD4BDF30054C7E0 /* CourseLibraryValidator.swift */ = {isa = PBXFileReference; lastKnownFileType = sourcecode.swift; path = CourseLibraryValidator.swift; sourceTree = "<group>"; };
		81E333772FD4BE0C0054C7E0 /* CourseLibraryView.swift */ = {isa = PBXFileReference; lastKnownFileType = sourcecode.swift; path = CourseLibraryView.swift; sourceTree = "<group>"; };
		81E333782FD4BE0C0054C7E0 /* CourseUnitListView.swift */ = {isa = PBXFileReference; lastKnownFileType = sourcecode.swift; path = CourseUnitListView.swift; sourceTree = "<group>"; };
		81E333792FD4BE2D0054C7E0 /* CourseLessonListView.swift */ = {isa = PBXFileReference; lastKnownFileType = sourcecode.swift; path = CourseLessonListView.swift; sourceTree = "<group>"; };
		81E3337A2FD4BE2E0054C7E0 /* CourseLessonDetailView.swift */ = {isa = PBXFileReference; lastKnownFileType = sourcecode.swift; path = CourseLessonDetailView.swift; sourceTree = "<group>"; };
/* End PBXFileReference section */

/* Begin PBXFileSystemSynchronizedRootGroup section */
		81E332FF2FD44DCA0054C7E0 /* mott */ = {
			isa = PBXFileSystemSynchronizedRootGroup;
			path = mott;
			sourceTree = "<group>";
		};
		81E3330F2FD44DCC0054C7E0 /* mottTests */ = {
			isa = PBXFileSystemSynchronizedRootGroup;
			path = mottTests;
			sourceTree = "<group>";
		};
		81E333192FD44DCC0054C7E0 /* mottUITests */ = {
			isa = PBXFileSystemSynchronizedRootGroup;
			path = mottUITests;
			sourceTree = "<group>";
		};
/* End PBXFileSystemSynchronizedRootGroup section */

/* Begin PBXFrameworksBuildPhase section */
		81E332FA2FD44DCA0054C7E0 /* Frameworks */ = {
			isa = PBXFrameworksBuildPhase;
			buildActionMask = 2147483647;
			files = (
			);
			runOnlyForDeploymentPostprocessing = 0;
		};
		81E333092FD44DCC0054C7E0 /* Frameworks */ = {
			isa = PBXFrameworksBuildPhase;
			buildActionMask = 2147483647;
			files = (
			);
			runOnlyForDeploymentPostprocessing = 0;
		};
		81E333132FD44DCC0054C7E0 /* Frameworks */ = {
			isa = PBXFrameworksBuildPhase;
			buildActionMask = 2147483647;
			files = (
			);
			runOnlyForDeploymentPostprocessing = 0;
		};
/* End PBXFrameworksBuildPhase section */

/* Begin PBXGroup section */
		81E332F42FD44DCA0054C7E0 = {
			isa = PBXGroup;
			children = (
				81E332FF2FD44DCA0054C7E0 /* mott */,
				81E3330F2FD44DCC0054C7E0 /* mottTests */,
				81E333192FD44DCC0054C7E0 /* mottUITests */,
				81E332FE2FD44DCA0054C7E0 /* Products */,
				81E333602FD450340054C7E0 /* AudioManager.swift */,
				81B0B23E2FD5649C0071A615 /* mott_app.icon */,
				81E333622FD450520054C7E0 /* LearningModels.swift */,
				81E333642FD450520054C7E0 /* SharedViews.swift */,
				81E333662FD450710054C7E0 /* MockCourseData.swift */,
				81E333682FD450BF0054C7E0 /* LearnFeature.swift */,
				81E3336A2FD450C00054C7E0 /* PracticeFeature.swift */,
				81E3336C2FD450DF0054C7E0 /* DictionaryFeature.swift */,
				81E3336E2FD450E00054C7E0 /* ProfileFeature.swift */,
				81E333702FD4BCDE0054C7E0 /* CourseLibrary */,
				81B0B2422FD587FC0071A615 /* AppSettings.swift */,
				81B0B2442FD587FD0071A615 /* SettingsView.swift */,
			);
			sourceTree = "<group>";
		};
		81E332FE2FD44DCA0054C7E0 /* Products */ = {
			isa = PBXGroup;
			children = (
				81E332FD2FD44DCA0054C7E0 /* mott.app */,
				81E3330C2FD44DCC0054C7E0 /* mottTests.xctest */,
				81E333162FD44DCC0054C7E0 /* mottUITests.xctest */,
			);
			name = Products;
			sourceTree = "<group>";
		};
		81E333702FD4BCDE0054C7E0 /* CourseLibrary */ = {
			isa = PBXGroup;
			children = (
				81E333712FD4BD650054C7E0 /* CourseModels.swift */,
				81E333722FD4BD650054C7E0 /* CourseLevel.swift */,
				81E333732FD4BDB60054C7E0 /* CourseLibrarySeed.swift */,
				81E333742FD4BDF20054C7E0 /* CourseLibraryRepository.swift */,
				81E333752FD4BDF20054C7E0 /* CourseLibraryViewModel.swift */,
				81E333762FD4BDF30054C7E0 /* CourseLibraryValidator.swift */,
				81E333772FD4BE0C0054C7E0 /* CourseLibraryView.swift */,
				81E333782FD4BE0C0054C7E0 /* CourseUnitListView.swift */,
				81E333792FD4BE2D0054C7E0 /* CourseLessonListView.swift */,
				81E3337A2FD4BE2E0054C7E0 /* CourseLessonDetailView.swift */,
				81B0B2402FD586020071A615 /* CourseLessonPlayerView.swift */,
			);
			path = CourseLibrary;
			sourceTree = "<group>";
		};
/* End PBXGroup section */

/* Begin PBXNativeTarget section */
		81E332FC2FD44DCA0054C7E0 /* mott */ = {
			isa = PBXNativeTarget;
			buildConfigurationList = 81E333202FD44DCC0054C7E0 /* Build configuration list for PBXNativeTarget "mott" */;
			buildPhases = (
				81E332F92FD44DCA0054C7E0 /* Sources */,
				81E332FA2FD44DCA0054C7E0 /* Frameworks */,
				81E332FB2FD44DCA0054C7E0 /* Resources */,
			);
			buildRules = (
			);
			dependencies = (
			);
			fileSystemSynchronizedGroups = (
				81E332FF2FD44DCA0054C7E0 /* mott */,
			);
			name = mott;
			packageProductDependencies = (
			);
			productName = mott;
			productReference = 81E332FD2FD44DCA0054C7E0 /* mott.app */;
			productType = "com.apple.product-type.application";
		};
		81E3330B2FD44DCC0054C7E0 /* mottTests */ = {
			isa = PBXNativeTarget;
			buildConfigurationList = 81E333232FD44DCC0054C7E0 /* Build configuration list for PBXNativeTarget "mottTests" */;
			buildPhases = (
				81E333082FD44DCC0054C7E0 /* Sources */,
				81E333092FD44DCC0054C7E0 /* Frameworks */,
				81E3330A2FD44DCC0054C7E0 /* Resources */,
			);
			buildRules = (
			);
			dependencies = (
				81E3330E2FD44DCC0054C7E0 /* PBXTargetDependency */,
			);
			fileSystemSynchronizedGroups = (
				81E3330F2FD44DCC0054C7E0 /* mottTests */,
			);
			name = mottTests;
			packageProductDependencies = (
			);
			productName = mottTests;
			productReference = 81E3330C2FD44DCC0054C7E0 /* mottTests.xctest */;
			productType = "com.apple.product-type.bundle.unit-test";
		};
		81E333152FD44DCC0054C7E0 /* mottUITests */ = {
			isa = PBXNativeTarget;
			buildConfigurationList = 81E333262FD44DCC0054C7E0 /* Build configuration list for PBXNativeTarget "mottUITests" */;
			buildPhases = (
				81E333122FD44DCC0054C7E0 /* Sources */,
				81E333132FD44DCC0054C7E0 /* Frameworks */,
				81E333142FD44DCC0054C7E0 /* Resources */,
			);
			buildRules = (
			);
			dependencies = (
				81E333182FD44DCC0054C7E0 /* PBXTargetDependency */,
			);
			fileSystemSynchronizedGroups = (
				81E333192FD44DCC0054C7E0 /* mottUITests */,
			);
			name = mottUITests;
			packageProductDependencies = (
			);
			productName = mottUITests;
			productReference = 81E333162FD44DCC0054C7E0 /* mottUITests.xctest */;
			productType = "com.apple.product-type.bundle.ui-testing";
		};
/* End PBXNativeTarget section */

/* Begin PBXProject section */
		81E332F52FD44DCA0054C7E0 /* Project object */ = {
			isa = PBXProject;
			attributes = {
				BuildIndependentTargetsInParallel = 1;
				LastSwiftUpdateCheck = 2650;
				LastUpgradeCheck = 2650;
				TargetAttributes = {
					81E332FC2FD44DCA0054C7E0 = {
						CreatedOnToolsVersion = 26.5;
					};
					81E3330B2FD44DCC0054C7E0 = {
						CreatedOnToolsVersion = 26.5;
						TestTargetID = 81E332FC2FD44DCA0054C7E0;
					};
					81E333152FD44DCC0054C7E0 = {
						CreatedOnToolsVersion = 26.5;
						TestTargetID = 81E332FC2FD44DCA0054C7E0;
					};
				};
			};
			buildConfigurationList = 81E332F82FD44DCA0054C7E0 /* Build configuration list for PBXProject "mott" */;
			developmentRegion = en;
			hasScannedForEncodings = 0;
			knownRegions = (
				en,
				Base,
			);
			mainGroup = 81E332F42FD44DCA0054C7E0;
			minimizedProjectReferenceProxies = 1;
			preferredProjectObjectVersion = 77;
			productRefGroup = 81E332FE2FD44DCA0054C7E0 /* Products */;
			projectDirPath = "";
			projectRoot = "";
			targets = (
				81E332FC2FD44DCA0054C7E0 /* mott */,
				81E3330B2FD44DCC0054C7E0 /* mottTests */,
				81E333152FD44DCC0054C7E0 /* mottUITests */,
			);
		};
/* End PBXProject section */

/* Begin PBXResourcesBuildPhase section */
		81E332FB2FD44DCA0054C7E0 /* Resources */ = {
			isa = PBXResourcesBuildPhase;
			buildActionMask = 2147483647;
			files = (
				81B0B23F2FD5649C0071A615 /* mott_app.icon in Resources */,
			);
			runOnlyForDeploymentPostprocessing = 0;
		};
		81E3330A2FD44DCC0054C7E0 /* Resources */ = {
			isa = PBXResourcesBuildPhase;
			buildActionMask = 2147483647;
			files = (
			);
			runOnlyForDeploymentPostprocessing = 0;
		};
		81E333142FD44DCC0054C7E0 /* Resources */ = {
			isa = PBXResourcesBuildPhase;
			buildActionMask = 2147483647;
			files = (
			);
			runOnlyForDeploymentPostprocessing = 0;
		};
/* End PBXResourcesBuildPhase section */

/* Begin PBXSourcesBuildPhase section */
		81E332F92FD44DCA0054C7E0 /* Sources */ = {
			isa = PBXSourcesBuildPhase;
			buildActionMask = 2147483647;
			files = (
				81E3336F2FD450E00054C7E0 /* ProfileFeature.swift in Sources */,
				81B0B2452FD587FD0071A615 /* SettingsView.swift in Sources */,
				81E333612FD450340054C7E0 /* AudioManager.swift in Sources */,
				81E333802FD4C2FB0054C7E0 /* CourseLevel.swift in Sources */,
				81E333632FD450520054C7E0 /* LearningModels.swift in Sources */,
				81E333812FD4C3000054C7E0 /* CourseLibrarySeed.swift in Sources */,
				81E3336D2FD450DF0054C7E0 /* DictionaryFeature.swift in Sources */,
				81E333862FD4C31C0054C7E0 /* CourseUnitListView.swift in Sources */,
				81E333692FD450BF0054C7E0 /* LearnFeature.swift in Sources */,
				81E333832FD4C30B0054C7E0 /* CourseLibraryViewModel.swift in Sources */,
				81E333842FD4C3100054C7E0 /* CourseLibraryValidator.swift in Sources */,
				81E333672FD450710054C7E0 /* MockCourseData.swift in Sources */,
				81E333652FD450520054C7E0 /* SharedViews.swift in Sources */,
				81E3336B2FD450C00054C7E0 /* PracticeFeature.swift in Sources */,
				81B0B2412FD586020071A615 /* CourseLessonPlayerView.swift in Sources */,
				81E3337F2FD4C2F60054C7E0 /* CourseModels.swift in Sources */,
				81E333882FD4C3270054C7E0 /* CourseLessonDetailView.swift in Sources */,
				81B0B2432FD587FC0071A615 /* AppSettings.swift in Sources */,
				81E333872FD4C3220054C7E0 /* CourseLessonListView.swift in Sources */,
				81E333822FD4C3050054C7E0 /* CourseLibraryRepository.swift in Sources */,
				81E333852FD4C3160054C7E0 /* CourseLibraryView.swift in Sources */,
			);
			runOnlyForDeploymentPostprocessing = 0;
		};
		81E333082FD44DCC0054C7E0 /* Sources */ = {
			isa = PBXSourcesBuildPhase;
			buildActionMask = 2147483647;
			files = (
			);
			runOnlyForDeploymentPostprocessing = 0;
		};
		81E333122FD44DCC0054C7E0 /* Sources */ = {
			isa = PBXSourcesBuildPhase;
			buildActionMask = 2147483647;
			files = (
			);
			runOnlyForDeploymentPostprocessing = 0;
		};
/* End PBXSourcesBuildPhase section */

/* Begin PBXTargetDependency section */
		81E3330E2FD44DCC0054C7E0 /* PBXTargetDependency */ = {
			isa = PBXTargetDependency;
			target = 81E332FC2FD44DCA0054C7E0 /* mott */;
			targetProxy = 81E3330D2FD44DCC0054C7E0 /* PBXContainerItemProxy */;
		};
		81E333182FD44DCC0054C7E0 /* PBXTargetDependency */ = {
			isa = PBXTargetDependency;
			target = 81E332FC2FD44DCA0054C7E0 /* mott */;
			targetProxy = 81E333172FD44DCC0054C7E0 /* PBXContainerItemProxy */;
		};
/* End PBXTargetDependency section */

/* Begin XCBuildConfiguration section */
		81E3331E2FD44DCC0054C7E0 /* Debug */ = {
			isa = XCBuildConfiguration;
			buildSettings = {
				ALWAYS_SEARCH_USER_PATHS = NO;
				ASSETCATALOG_COMPILER_APPICON_NAME = "";
				ASSETCATALOG_COMPILER_GENERATE_SWIFT_ASSET_SYMBOL_EXTENSIONS = YES;
				CLANG_ANALYZER_NONNULL = YES;
				CLANG_ANALYZER_NUMBER_OBJECT_CONVERSION = YES_AGGRESSIVE;
				CLANG_CXX_LANGUAGE_STANDARD = "gnu++20";
				CLANG_ENABLE_MODULES = YES;
				CLANG_ENABLE_OBJC_ARC = YES;
				CLANG_ENABLE_OBJC_WEAK = YES;
				CLANG_WARN_BLOCK_CAPTURE_AUTORELEASING = YES;
				CLANG_WARN_BOOL_CONVERSION = YES;
				CLANG_WARN_COMMA = YES;
				CLANG_WARN_CONSTANT_CONVERSION = YES;
				CLANG_WARN_DEPRECATED_OBJC_IMPLEMENTATIONS = YES;
				CLANG_WARN_DIRECT_OBJC_ISA_USAGE = YES_ERROR;
				CLANG_WARN_DOCUMENTATION_COMMENTS = YES;
				CLANG_WARN_EMPTY_BODY = YES;
				CLANG_WARN_ENUM_CONVERSION = YES;
				CLANG_WARN_INFINITE_RECURSION = YES;
				CLANG_WARN_INT_CONVERSION = YES;
				CLANG_WARN_NON_LITERAL_NULL_CONVERSION = YES;
				CLANG_WARN_OBJC_IMPLICIT_RETAIN_SELF = YES;
				CLANG_WARN_OBJC_LITERAL_CONVERSION = YES;
				CLANG_WARN_OBJC_ROOT_CLASS = YES_ERROR;
				CLANG_WARN_QUOTED_INCLUDE_IN_FRAMEWORK_HEADER = YES;
				CLANG_WARN_RANGE_LOOP_ANALYSIS = YES;
				CLANG_WARN_STRICT_PROTOTYPES = YES;
				CLANG_WARN_SUSPICIOUS_MOVE = YES;
				CLANG_WARN_UNGUARDED_AVAILABILITY = YES_AGGRESSIVE;
				CLANG_WARN_UNREACHABLE_CODE = YES;
				CLANG_WARN__DUPLICATE_METHOD_MATCH = YES;
				COPY_PHASE_STRIP = NO;
				DEBUG_INFORMATION_FORMAT = dwarf;
				DEVELOPMENT_TEAM = A7J6D8HGFP;
				ENABLE_STRICT_OBJC_MSGSEND = YES;
				ENABLE_TESTABILITY = YES;
				ENABLE_USER_SCRIPT_SANDBOXING = YES;
				GCC_C_LANGUAGE_STANDARD = gnu17;
				GCC_DYNAMIC_NO_PIC = NO;
				GCC_NO_COMMON_BLOCKS = YES;
				GCC_OPTIMIZATION_LEVEL = 0;
				GCC_PREPROCESSOR_DEFINITIONS = (
					"DEBUG=1",
					"$(inherited)",
				);
				GCC_WARN_64_TO_32_BIT_CONVERSION = YES;
				GCC_WARN_ABOUT_RETURN_TYPE = YES_ERROR;
				GCC_WARN_UNDECLARED_SELECTOR = YES;
				GCC_WARN_UNINITIALIZED_AUTOS = YES_AGGRESSIVE;
				GCC_WARN_UNUSED_FUNCTION = YES;
				GCC_WARN_UNUSED_VARIABLE = YES;
				IPHONEOS_DEPLOYMENT_TARGET = 26.5;
				LOCALIZATION_PREFERS_STRING_CATALOGS = YES;
				MTL_ENABLE_DEBUG_INFO = INCLUDE_SOURCE;
				MTL_FAST_MATH = YES;
				ONLY_ACTIVE_ARCH = YES;
				SDKROOT = iphoneos;
				SWIFT_ACTIVE_COMPILATION_CONDITIONS = "DEBUG $(inherited)";
				SWIFT_OPTIMIZATION_LEVEL = "-Onone";
			};
			name = Debug;
		};
		81E3331F2FD44DCC0054C7E0 /* Release */ = {
			isa = XCBuildConfiguration;
			buildSettings = {
				ALWAYS_SEARCH_USER_PATHS = NO;
				ASSETCATALOG_COMPILER_APPICON_NAME = "";
				ASSETCATALOG_COMPILER_GENERATE_SWIFT_ASSET_SYMBOL_EXTENSIONS = YES;
				CLANG_ANALYZER_NONNULL = YES;
				CLANG_ANALYZER_NUMBER_OBJECT_CONVERSION = YES_AGGRESSIVE;
				CLANG_CXX_LANGUAGE_STANDARD = "gnu++20";
				CLANG_ENABLE_MODULES = YES;
				CLANG_ENABLE_OBJC_ARC = YES;
				CLANG_ENABLE_OBJC_WEAK = YES;
				CLANG_WARN_BLOCK_CAPTURE_AUTORELEASING = YES;
				CLANG_WARN_BOOL_CONVERSION = YES;
				CLANG_WARN_COMMA = YES;
				CLANG_WARN_CONSTANT_CONVERSION = YES;
				CLANG_WARN_DEPRECATED_OBJC_IMPLEMENTATIONS = YES;
				CLANG_WARN_DIRECT_OBJC_ISA_USAGE = YES_ERROR;
				CLANG_WARN_DOCUMENTATION_COMMENTS = YES;
				CLANG_WARN_EMPTY_BODY = YES;
				CLANG_WARN_ENUM_CONVERSION = YES;
				CLANG_WARN_INFINITE_RECURSION = YES;
				CLANG_WARN_INT_CONVERSION = YES;
				CLANG_WARN_NON_LITERAL_NULL_CONVERSION = YES;
				CLANG_WARN_OBJC_IMPLICIT_RETAIN_SELF = YES;
				CLANG_WARN_OBJC_LITERAL_CONVERSION = YES;
				CLANG_WARN_OBJC_ROOT_CLASS = YES_ERROR;
				CLANG_WARN_QUOTED_INCLUDE_IN_FRAMEWORK_HEADER = YES;
				CLANG_WARN_RANGE_LOOP_ANALYSIS = YES;
				CLANG_WARN_STRICT_PROTOTYPES = YES;
				CLANG_WARN_SUSPICIOUS_MOVE = YES;
				CLANG_WARN_UNGUARDED_AVAILABILITY = YES_AGGRESSIVE;
				CLANG_WARN_UNREACHABLE_CODE = YES;
				CLANG_WARN__DUPLICATE_METHOD_MATCH = YES;
				COPY_PHASE_STRIP = NO;
				DEBUG_INFORMATION_FORMAT = "dwarf-with-dsym";
				DEVELOPMENT_TEAM = A7J6D8HGFP;
				ENABLE_NS_ASSERTIONS = NO;
				ENABLE_STRICT_OBJC_MSGSEND = YES;
				ENABLE_USER_SCRIPT_SANDBOXING = YES;
				GCC_C_LANGUAGE_STANDARD = gnu17;
				GCC_NO_COMMON_BLOCKS = YES;
				GCC_WARN_64_TO_32_BIT_CONVERSION = YES;
				GCC_WARN_ABOUT_RETURN_TYPE = YES_ERROR;
				GCC_WARN_UNDECLARED_SELECTOR = YES;
				GCC_WARN_UNINITIALIZED_AUTOS = YES_AGGRESSIVE;
				GCC_WARN_UNUSED_FUNCTION = YES;
				GCC_WARN_UNUSED_VARIABLE = YES;
				IPHONEOS_DEPLOYMENT_TARGET = 26.5;
				LOCALIZATION_PREFERS_STRING_CATALOGS = YES;
				MTL_ENABLE_DEBUG_INFO = NO;
				MTL_FAST_MATH = YES;
				SDKROOT = iphoneos;
				SWIFT_COMPILATION_MODE = wholemodule;
				VALIDATE_PRODUCT = YES;
			};
			name = Release;
		};
		81E333212FD44DCC0054C7E0 /* Debug */ = {
			isa = XCBuildConfiguration;
			buildSettings = {
				ASSETCATALOG_COMPILER_APPICON_NAME = mott_app;
				ASSETCATALOG_COMPILER_GLOBAL_ACCENT_COLOR_NAME = AccentColor;
				ASSETCATALOG_COMPILER_INCLUDE_ALL_APPICON_ASSETS = YES;
				CODE_SIGN_STYLE = Automatic;
				CURRENT_PROJECT_VERSION = 1;
				DEVELOPMENT_TEAM = A7J6D8HGFP;
				ENABLE_PREVIEWS = YES;
				GENERATE_INFOPLIST_FILE = YES;
				INFOPLIST_KEY_CFBundleDisplayName = mott.;
				INFOPLIST_KEY_UIApplicationSceneManifest_Generation = YES;
				INFOPLIST_KEY_UIApplicationSupportsIndirectInputEvents = YES;
				INFOPLIST_KEY_UILaunchScreen_Generation = YES;
				INFOPLIST_KEY_UISupportedInterfaceOrientations_iPad = "UIInterfaceOrientationPortrait UIInterfaceOrientationPortraitUpsideDown UIInterfaceOrientationLandscapeLeft UIInterfaceOrientationLandscapeRight";
				INFOPLIST_KEY_UISupportedInterfaceOrientations_iPhone = "UIInterfaceOrientationPortrait UIInterfaceOrientationLandscapeLeft UIInterfaceOrientationLandscapeRight";
				LD_RUNPATH_SEARCH_PATHS = (
					"$(inherited)",
					"@executable_path/Frameworks",
				);
				MARKETING_VERSION = 1.0;
				PRODUCT_BUNDLE_IDENTIFIER = com.rudi.mott;
				PRODUCT_NAME = "$(TARGET_NAME)";
				STRING_CATALOG_GENERATE_SYMBOLS = YES;
				SWIFT_APPROACHABLE_CONCURRENCY = YES;
				SWIFT_DEFAULT_ACTOR_ISOLATION = MainActor;
				SWIFT_EMIT_LOC_STRINGS = YES;
				SWIFT_UPCOMING_FEATURE_MEMBER_IMPORT_VISIBILITY = YES;
				SWIFT_VERSION = 5.0;
				TARGETED_DEVICE_FAMILY = "1,2";
			};
			name = Debug;
		};
		81E333222FD44DCC0054C7E0 /* Release */ = {
			isa = XCBuildConfiguration;
			buildSettings = {
				ASSETCATALOG_COMPILER_APPICON_NAME = mott_app;
				ASSETCATALOG_COMPILER_GLOBAL_ACCENT_COLOR_NAME = AccentColor;
				ASSETCATALOG_COMPILER_INCLUDE_ALL_APPICON_ASSETS = YES;
				CODE_SIGN_STYLE = Automatic;
				CURRENT_PROJECT_VERSION = 1;
				DEVELOPMENT_TEAM = A7J6D8HGFP;
				ENABLE_PREVIEWS = YES;
				GENERATE_INFOPLIST_FILE = YES;
				INFOPLIST_KEY_CFBundleDisplayName = mott.;
				INFOPLIST_KEY_UIApplicationSceneManifest_Generation = YES;
				INFOPLIST_KEY_UIApplicationSupportsIndirectInputEvents = YES;
				INFOPLIST_KEY_UILaunchScreen_Generation = YES;
				INFOPLIST_KEY_UISupportedInterfaceOrientations_iPad = "UIInterfaceOrientationPortrait UIInterfaceOrientationPortraitUpsideDown UIInterfaceOrientationLandscapeLeft UIInterfaceOrientationLandscapeRight";
				INFOPLIST_KEY_UISupportedInterfaceOrientations_iPhone = "UIInterfaceOrientationPortrait UIInterfaceOrientationLandscapeLeft UIInterfaceOrientationLandscapeRight";
				LD_RUNPATH_SEARCH_PATHS = (
					"$(inherited)",
					"@executable_path/Frameworks",
				);
				MARKETING_VERSION = 1.0;
				PRODUCT_BUNDLE_IDENTIFIER = com.rudi.mott;
				PRODUCT_NAME = "$(TARGET_NAME)";
				STRING_CATALOG_GENERATE_SYMBOLS = YES;
				SWIFT_APPROACHABLE_CONCURRENCY = YES;
				SWIFT_DEFAULT_ACTOR_ISOLATION = MainActor;
				SWIFT_EMIT_LOC_STRINGS = YES;
				SWIFT_UPCOMING_FEATURE_MEMBER_IMPORT_VISIBILITY = YES;
				SWIFT_VERSION = 5.0;
				TARGETED_DEVICE_FAMILY = "1,2";
			};
			name = Release;
		};
		81E333242FD44DCC0054C7E0 /* Debug */ = {
			isa = XCBuildConfiguration;
			buildSettings = {
				BUNDLE_LOADER = "$(TEST_HOST)";
				CODE_SIGN_STYLE = Automatic;
				CURRENT_PROJECT_VERSION = 1;
				DEVELOPMENT_TEAM = A7J6D8HGFP;
				GENERATE_INFOPLIST_FILE = YES;
				IPHONEOS_DEPLOYMENT_TARGET = 26.5;
				MARKETING_VERSION = 1.0;
				PRODUCT_BUNDLE_IDENTIFIER = com.rudi.mottTests;
				PRODUCT_NAME = "$(TARGET_NAME)";
				STRING_CATALOG_GENERATE_SYMBOLS = NO;
				SWIFT_APPROACHABLE_CONCURRENCY = YES;
				SWIFT_EMIT_LOC_STRINGS = NO;
				SWIFT_UPCOMING_FEATURE_MEMBER_IMPORT_VISIBILITY = YES;
				SWIFT_VERSION = 5.0;
				TARGETED_DEVICE_FAMILY = "1,2";
				TEST_HOST = "$(BUILT_PRODUCTS_DIR)/mott.app/$(BUNDLE_EXECUTABLE_FOLDER_PATH)/mott";
			};
			name = Debug;
		};
		81E333252FD44DCC0054C7E0 /* Release */ = {
			isa = XCBuildConfiguration;
			buildSettings = {
				BUNDLE_LOADER = "$(TEST_HOST)";
				CODE_SIGN_STYLE = Automatic;
				CURRENT_PROJECT_VERSION = 1;
				DEVELOPMENT_TEAM = A7J6D8HGFP;
				GENERATE_INFOPLIST_FILE = YES;
				IPHONEOS_DEPLOYMENT_TARGET = 26.5;
				MARKETING_VERSION = 1.0;
				PRODUCT_BUNDLE_IDENTIFIER = com.rudi.mottTests;
				PRODUCT_NAME = "$(TARGET_NAME)";
				STRING_CATALOG_GENERATE_SYMBOLS = NO;
				SWIFT_APPROACHABLE_CONCURRENCY = YES;
				SWIFT_EMIT_LOC_STRINGS = NO;
				SWIFT_UPCOMING_FEATURE_MEMBER_IMPORT_VISIBILITY = YES;
				SWIFT_VERSION = 5.0;
				TARGETED_DEVICE_FAMILY = "1,2";
				TEST_HOST = "$(BUILT_PRODUCTS_DIR)/mott.app/$(BUNDLE_EXECUTABLE_FOLDER_PATH)/mott";
			};
			name = Release;
		};
		81E333272FD44DCC0054C7E0 /* Debug */ = {
			isa = XCBuildConfiguration;
			buildSettings = {
				CODE_SIGN_STYLE = Automatic;
				CURRENT_PROJECT_VERSION = 1;
				DEVELOPMENT_TEAM = A7J6D8HGFP;
				GENERATE_INFOPLIST_FILE = YES;
				MARKETING_VERSION = 1.0;
				PRODUCT_BUNDLE_IDENTIFIER = com.rudi.mottUITests;
				PRODUCT_NAME = "$(TARGET_NAME)";
				STRING_CATALOG_GENERATE_SYMBOLS = NO;
				SWIFT_APPROACHABLE_CONCURRENCY = YES;
				SWIFT_EMIT_LOC_STRINGS = NO;
				SWIFT_UPCOMING_FEATURE_MEMBER_IMPORT_VISIBILITY = YES;
				SWIFT_VERSION = 5.0;
				TARGETED_DEVICE_FAMILY = "1,2";
				TEST_TARGET_NAME = mott;
			};
			name = Debug;
		};
		81E333282FD44DCC0054C7E0 /* Release */ = {
			isa = XCBuildConfiguration;
			buildSettings = {
				CODE_SIGN_STYLE = Automatic;
				CURRENT_PROJECT_VERSION = 1;
				DEVELOPMENT_TEAM = A7J6D8HGFP;
				GENERATE_INFOPLIST_FILE = YES;
				MARKETING_VERSION = 1.0;
				PRODUCT_BUNDLE_IDENTIFIER = com.rudi.mottUITests;
				PRODUCT_NAME = "$(TARGET_NAME)";
				STRING_CATALOG_GENERATE_SYMBOLS = NO;
				SWIFT_APPROACHABLE_CONCURRENCY = YES;
				SWIFT_EMIT_LOC_STRINGS = NO;
				SWIFT_UPCOMING_FEATURE_MEMBER_IMPORT_VISIBILITY = YES;
				SWIFT_VERSION = 5.0;
				TARGETED_DEVICE_FAMILY = "1,2";
				TEST_TARGET_NAME = mott;
			};
			name = Release;
		};
/* End XCBuildConfiguration section */

/* Begin XCConfigurationList section */
		81E332F82FD44DCA0054C7E0 /* Build configuration list for PBXProject "mott" */ = {
			isa = XCConfigurationList;
			buildConfigurations = (
				81E3331E2FD44DCC0054C7E0 /* Debug */,
				81E3331F2FD44DCC0054C7E0 /* Release */,
			);
			defaultConfigurationIsVisible = 0;
			defaultConfigurationName = Release;
		};
		81E333202FD44DCC0054C7E0 /* Build configuration list for PBXNativeTarget "mott" */ = {
			isa = XCConfigurationList;
			buildConfigurations = (
				81E333212FD44DCC0054C7E0 /* Debug */,
				81E333222FD44DCC0054C7E0 /* Release */,
			);
			defaultConfigurationIsVisible = 0;
			defaultConfigurationName = Release;
		};
		81E333232FD44DCC0054C7E0 /* Build configuration list for PBXNativeTarget "mottTests" */ = {
			isa = XCConfigurationList;
			buildConfigurations = (
				81E333242FD44DCC0054C7E0 /* Debug */,
				81E333252FD44DCC0054C7E0 /* Release */,
			);
			defaultConfigurationIsVisible = 0;
			defaultConfigurationName = Release;
		};
		81E333262FD44DCC0054C7E0 /* Build configuration list for PBXNativeTarget "mottUITests" */ = {
			isa = XCConfigurationList;
			buildConfigurations = (
				81E333272FD44DCC0054C7E0 /* Debug */,
				81E333282FD44DCC0054C7E0 /* Release */,
			);
			defaultConfigurationIsVisible = 0;
			defaultConfigurationName = Release;
		};
/* End XCConfigurationList section */
	};
	rootObject = 81E332F52FD44DCA0054C7E0 /* Project object */;
}
